// !$*UTF8*$!
{
	archiveVersion = 1;
	classes = {
	};
	objectVersion = 46;
	objects = {

/* Begin PBXBuildFile section */
		9D19CE861A6830A200076019 /* Game.cpp in Sources */ = {isa = PBXBuildFile; fileRef = 9D19CE821A6830A200076019 /* Game.cpp */; };
		9D19CE871A6830A200076019 /* GameObject.cpp in Sources */ = {isa = PBXBuildFile; fileRef = 9D19CE841A6830A200076019 /* GameObject.cpp */; };
		9D19CE8C1A6831A900076019 /* TrackScreen.cpp in Sources */ = {isa = PBXBuildFile; fileRef = 9D19CE8A1A6831A900076019 /* TrackScreen.cpp */; };
		9D19CE971A6994E600076019 /* car.cpp in Sources */ = {isa = PBXBuildFile; fileRef = 9D19CE951A6994E600076019 /* car.cpp */; };
		9D334A4D1A6ED4BD00B7BE4F /* icon-small.png in Resources */ = {isa = PBXBuildFile; fileRef = 9D334A4C1A6ED4BD00B7BE4F /* icon-small.png */; };
		9D334A4F1A6EE86500B7BE4F /* Images.xcassets in Resources */ = {isa = PBXBuildFile; fileRef = 9D334A4E1A6EE86500B7BE4F /* Images.xcassets */; };
		9D334A521A6EEED600B7BE4F /* LoadingScreen.cpp in Sources */ = {isa = PBXBuildFile; fileRef = 9D334A501A6EEED600B7BE4F /* LoadingScreen.cpp */; };
		9D51635D1A6B5CE900A076D8 /* MenuScreen.cpp in Sources */ = {isa = PBXBuildFile; fileRef = 9D51635B1A6B5CE900A076D8 /* MenuScreen.cpp */; };
		9D5163601A6B5E8D00A076D8 /* VisualizerScreen.cpp in Sources */ = {isa = PBXBuildFile; fileRef = 9D51635E1A6B5E8D00A076D8 /* VisualizerScreen.cpp */; };
		9D5163631A6C1DFC00A076D8 /* generator.cpp in Sources */ = {isa = PBXBuildFile; fileRef = 9D5163611A6C1DFC00A076D8 /* generator.cpp */; };
		9D5163661A6C39F400A076D8 /* constants.cpp in Sources */ = {isa = PBXBuildFile; fileRef = 9D5163641A6C39F400A076D8 /* constants.cpp */; };
		9D51636A1A6C5AAA00A076D8 /* RacerHandler.cpp in Sources */ = {isa = PBXBuildFile; fileRef = 9D5163681A6C5AAA00A076D8 /* RacerHandler.cpp */; };
		9D7C590E1A682525004C9870 /* ResourcePath.mm in Sources */ = {isa = PBXBuildFile; fileRef = 9D7C590D1A682525004C9870 /* ResourcePath.mm */; };
		9D7C59111A682525004C9870 /* main.cpp in Sources */ = {isa = PBXBuildFile; fileRef = 9D7C59101A682525004C9870 /* main.cpp */; };
		9D7C59181A682525004C9870 /* sansation.ttf in Resources */ = {isa = PBXBuildFile; fileRef = 9D7C59171A682525004C9870 /* sansation.ttf */; };
		9D8E2C521A6B00AF0026D458 /* libopenpad.a in Frameworks */ = {isa = PBXBuildFile; fileRef = 9D8E2C511A6B00AF0026D458 /* libopenpad.a */; };
		9DAE134C1A7176E3005020B1 /* FinishedScreen.cpp in Sources */ = {isa = PBXBuildFile; fileRef = 9DAE134A1A7176E3005020B1 /* FinishedScreen.cpp */; };
/* End PBXBuildFile section */

/* Begin PBXFileReference section */
		9D19CE821A6830A200076019 /* Game.cpp */ = {isa = PBXFileReference; fileEncoding = 4; lastKnownFileType = sourcecode.cpp.cpp; path = Game.cpp; sourceTree = "<group>"; };
		9D19CE831A6830A200076019 /* Game.h */ = {isa = PBXFileReference; fileEncoding = 4; lastKnownFileType = sourcecode.c.h; path = Game.h; sourceTree = "<group>"; };
		9D19CE841A6830A200076019 /* GameObject.cpp */ = {isa = PBXFileReference; fileEncoding = 4; lastKnownFileType = sourcecode.cpp.cpp; path = GameObject.cpp; sourceTree = "<group>"; };
		9D19CE851A6830A200076019 /* GameObject.h */ = {isa = PBXFileReference; fileEncoding = 4; lastKnownFileType = sourcecode.c.h; path = GameObject.h; sourceTree = "<group>"; };
		9D19CE881A6830D900076019 /* stdafx.h */ = {isa = PBXFileReference; lastKnownFileType = sourcecode.c.h; path = stdafx.h; sourceTree = "<group>"; };
		9D19CE8A1A6831A900076019 /* TrackScreen.cpp */ = {isa = PBXFileReference; fileEncoding = 4; lastKnownFileType = sourcecode.cpp.cpp; path = TrackScreen.cpp; sourceTree = "<group>"; };
		9D19CE8B1A6831A900076019 /* TrackScreen.h */ = {isa = PBXFileReference; fileEncoding = 4; lastKnownFileType = sourcecode.c.h; path = TrackScreen.h; sourceTree = "<group>"; };
		9D19CE951A6994E600076019 /* car.cpp */ = {isa = PBXFileReference; fileEncoding = 4; lastKnownFileType = sourcecode.cpp.cpp; path = car.cpp; sourceTree = "<group>"; };
		9D19CE961A6994E600076019 /* car.h */ = {isa = PBXFileReference; fileEncoding = 4; lastKnownFileType = sourcecode.c.h; path = car.h; sourceTree = "<group>"; };
		9D334A4C1A6ED4BD00B7BE4F /* icon-small.png */ = {isa = PBXFileReference; lastKnownFileType = image.png; path = "icon-small.png"; sourceTree = "<group>"; };
		9D334A4E1A6EE86500B7BE4F /* Images.xcassets */ = {isa = PBXFileReference; lastKnownFileType = folder.assetcatalog; name = Images.xcassets; path = "Openpad Racer/Images.xcassets"; sourceTree = "<group>"; };
		9D334A501A6EEED600B7BE4F /* LoadingScreen.cpp */ = {isa = PBXFileReference; fileEncoding = 4; lastKnownFileType = sourcecode.cpp.cpp; path = LoadingScreen.cpp; sourceTree = "<group>"; };
		9D334A511A6EEED600B7BE4F /* LoadingScreen.h */ = {isa = PBXFileReference; fileEncoding = 4; lastKnownFileType = sourcecode.c.h; path = LoadingScreen.h; sourceTree = "<group>"; };
		9D51635B1A6B5CE900A076D8 /* MenuScreen.cpp */ = {isa = PBXFileReference; fileEncoding = 4; lastKnownFileType = sourcecode.cpp.cpp; path = MenuScreen.cpp; sourceTree = "<group>"; };
		9D51635C1A6B5CE900A076D8 /* MenuScreen.h */ = {isa = PBXFileReference; fileEncoding = 4; lastKnownFileType = sourcecode.c.h; path = MenuScreen.h; sourceTree = "<group>"; };
		9D51635E1A6B5E8D00A076D8 /* VisualizerScreen.cpp */ = {isa = PBXFileReference; fileEncoding = 4; lastKnownFileType = sourcecode.cpp.cpp; path = VisualizerScreen.cpp; sourceTree = "<group>"; };
		9D51635F1A6B5E8D00A076D8 /* VisualizerScreen.h */ = {isa = PBXFileReference; fileEncoding = 4; lastKnownFileType = sourcecode.c.h; path = VisualizerScreen.h; sourceTree = "<group>"; };
		9D5163611A6C1DFC00A076D8 /* generator.cpp */ = {isa = PBXFileReference; fileEncoding = 4; lastKnownFileType = sourcecode.cpp.cpp; path = generator.cpp; sourceTree = "<group>"; };
		9D5163621A6C1DFC00A076D8 /* generator.h */ = {isa = PBXFileReference; fileEncoding = 4; lastKnownFileType = sourcecode.c.h; path = generator.h; sourceTree = "<group>"; };
		9D5163641A6C39F400A076D8 /* constants.cpp */ = {isa = PBXFileReference; fileEncoding = 4; lastKnownFileType = sourcecode.cpp.cpp; path = constants.cpp; sourceTree = "<group>"; };
		9D5163651A6C39F400A076D8 /* constants.h */ = {isa = PBXFileReference; fileEncoding = 4; lastKnownFileType = sourcecode.c.h; path = constants.h; sourceTree = "<group>"; };
		9D5163681A6C5AAA00A076D8 /* RacerHandler.cpp */ = {isa = PBXFileReference; fileEncoding = 4; lastKnownFileType = sourcecode.cpp.cpp; path = RacerHandler.cpp; sourceTree = "<group>"; };
		9D5163691A6C5AAA00A076D8 /* RacerHandler.h */ = {isa = PBXFileReference; fileEncoding = 4; lastKnownFileType = sourcecode.c.h; path = RacerHandler.h; sourceTree = "<group>"; };
		9D7C59081A682525004C9870 /* Openpad Racer.app */ = {isa = PBXFileReference; explicitFileType = wrapper.application; includeInIndex = 0; path = "Openpad Racer.app"; sourceTree = BUILT_PRODUCTS_DIR; };
		9D7C590C1A682525004C9870 /* Openpad Racer-Info.plist */ = {isa = PBXFileReference; lastKnownFileType = text.plist.xml; path = "Openpad Racer-Info.plist"; sourceTree = "<group>"; };
		9D7C590D1A682525004C9870 /* ResourcePath.mm */ = {isa = PBXFileReference; lastKnownFileType = sourcecode.cpp.objcpp; path = ResourcePath.mm; sourceTree = "<group>"; };
		9D7C590F1A682525004C9870 /* ResourcePath.hpp */ = {isa = PBXFileReference; lastKnownFileType = sourcecode.cpp.h; path = ResourcePath.hpp; sourceTree = "<group>"; };
		9D7C59101A682525004C9870 /* main.cpp */ = {isa = PBXFileReference; lastKnownFileType = sourcecode.cpp.cpp; path = main.cpp; sourceTree = "<group>"; };
		9D7C59171A682525004C9870 /* sansation.ttf */ = {isa = PBXFileReference; lastKnownFileType = file; path = sansation.ttf; sourceTree = "<group>"; };
		9D8E2C391A6AF9880026D458 /* assertions.h */ = {isa = PBXFileReference; fileEncoding = 4; lastKnownFileType = sourcecode.c.h; path = assertions.h; sourceTree = "<group>"; };
		9D8E2C3A1A6AF9880026D458 /* autolink.h */ = {isa = PBXFileReference; fileEncoding = 4; lastKnownFileType = sourcecode.c.h; path = autolink.h; sourceTree = "<group>"; };
		9D8E2C3B1A6AF9880026D458 /* config.h */ = {isa = PBXFileReference; fileEncoding = 4; lastKnownFileType = sourcecode.c.h; path = config.h; sourceTree = "<group>"; };
		9D8E2C3C1A6AF9880026D458 /* features.h */ = {isa = PBXFileReference; fileEncoding = 4; lastKnownFileType = sourcecode.c.h; path = features.h; sourceTree = "<group>"; };
		9D8E2C3D1A6AF9880026D458 /* forwards.h */ = {isa = PBXFileReference; fileEncoding = 4; lastKnownFileType = sourcecode.c.h; path = forwards.h; sourceTree = "<group>"; };
		9D8E2C3E1A6AF9880026D458 /* json.h */ = {isa = PBXFileReference; fileEncoding = 4; lastKnownFileType = sourcecode.c.h; path = json.h; sourceTree = "<group>"; };
		9D8E2C3F1A6AF9880026D458 /* openpad.h */ = {isa = PBXFileReference; fileEncoding = 4; lastKnownFileType = sourcecode.c.h; path = openpad.h; sourceTree = "<group>"; };
		9D8E2C401A6AF9880026D458 /* PracticalSocket.h */ = {isa = PBXFileReference; fileEncoding = 4; lastKnownFileType = sourcecode.c.h; path = PracticalSocket.h; sourceTree = "<group>"; };
		9D8E2C411A6AF9880026D458 /* reader.h */ = {isa = PBXFileReference; fileEncoding = 4; lastKnownFileType = sourcecode.c.h; path = reader.h; sourceTree = "<group>"; };
		9D8E2C421A6AF9880026D458 /* Request.h */ = {isa = PBXFileReference; fileEncoding = 4; lastKnownFileType = sourcecode.c.h; path = Request.h; sourceTree = "<group>"; };
		9D8E2C431A6AF9880026D458 /* Server.h */ = {isa = PBXFileReference; fileEncoding = 4; lastKnownFileType = sourcecode.c.h; path = Server.h; sourceTree = "<group>"; };
		9D8E2C441A6AF9880026D458 /* ServerHandler.h */ = {isa = PBXFileReference; fileEncoding = 4; lastKnownFileType = sourcecode.c.h; path = ServerHandler.h; sourceTree = "<group>"; };
		9D8E2C451A6AF9880026D458 /* Util.h */ = {isa = PBXFileReference; fileEncoding = 4; lastKnownFileType = sourcecode.c.h; path = Util.h; sourceTree = "<group>"; };
		9D8E2C461A6AF9880026D458 /* value.h */ = {isa = PBXFileReference; fileEncoding = 4; lastKnownFileType = sourcecode.c.h; path = value.h; sourceTree = "<group>"; };
		9D8E2C471A6AF9880026D458 /* version.h */ = {isa = PBXFileReference; fileEncoding = 4; lastKnownFileType = sourcecode.c.h; path = version.h; sourceTree = "<group>"; };
		9D8E2C481A6AF9880026D458 /* writer.h */ = {isa = PBXFileReference; fileEncoding = 4; lastKnownFileType = sourcecode.c.h; path = writer.h; sourceTree = "<group>"; };
		9D8E2C511A6B00AF0026D458 /* libopenpad.a */ = {isa = PBXFileReference; lastKnownFileType = archive.ar; path = libopenpad.a; sourceTree = "<group>"; };
		9DAE134A1A7176E3005020B1 /* FinishedScreen.cpp */ = {isa = PBXFileReference; fileEncoding = 4; lastKnownFileType = sourcecode.cpp.cpp; path = FinishedScreen.cpp; sourceTree = "<group>"; };
		9DAE134B1A7176E3005020B1 /* FinishedScreen.h */ = {isa = PBXFileReference; fileEncoding = 4; lastKnownFileType = sourcecode.c.h; path = FinishedScreen.h; sourceTree = "<group>"; };
/* End PBXFileReference section */

/* Begin PBXFrameworksBuildPhase section */
		9D7C59041A682525004C9870 /* Frameworks */ = {
			isa = PBXFrameworksBuildPhase;
			buildActionMask = 2147483647;
			files = (
				9D8E2C521A6B00AF0026D458 /* libopenpad.a in Frameworks */,
			);
			runOnlyForDeploymentPostprocessing = 0;
		};
/* End PBXFrameworksBuildPhase section */

/* Begin PBXGroup section */
		9D19CE811A68309100076019 /* engine */ = {
			isa = PBXGroup;
			children = (
				9D19CE821A6830A200076019 /* Game.cpp */,
				9D19CE831A6830A200076019 /* Game.h */,
				9D19CE841A6830A200076019 /* GameObject.cpp */,
				9D19CE851A6830A200076019 /* GameObject.h */,
			);
			name = engine;
			sourceTree = "<group>";
		};
		9D19CE891A68319600076019 /* screens */ = {
			isa = PBXGroup;
			children = (
				9D19CE8A1A6831A900076019 /* TrackScreen.cpp */,
				9D19CE8B1A6831A900076019 /* TrackScreen.h */,
				9D51635B1A6B5CE900A076D8 /* MenuScreen.cpp */,
				9D51635C1A6B5CE900A076D8 /* MenuScreen.h */,
				9D51635E1A6B5E8D00A076D8 /* VisualizerScreen.cpp */,
				9D51635F1A6B5E8D00A076D8 /* VisualizerScreen.h */,
				9D334A501A6EEED600B7BE4F /* LoadingScreen.cpp */,
				9D334A511A6EEED600B7BE4F /* LoadingScreen.h */,
				9DAE134A1A7176E3005020B1 /* FinishedScreen.cpp */,
				9DAE134B1A7176E3005020B1 /* FinishedScreen.h */,
			);
			name = screens;
			sourceTree = "<group>";
		};
		9D19CE8D1A6833EC00076019 /* generator */ = {
			isa = PBXGroup;
			children = (
				9D5163611A6C1DFC00A076D8 /* generator.cpp */,
				9D5163621A6C1DFC00A076D8 /* generator.h */,
			);
			name = generator;
			sourceTree = "<group>";
		};
		9D19CE941A6994D900076019 /* car */ = {
			isa = PBXGroup;
			children = (
				9D19CE951A6994E600076019 /* car.cpp */,
				9D19CE961A6994E600076019 /* car.h */,
			);
			name = car;
			sourceTree = "<group>";
		};
		9D5163671A6C5A9100A076D8 /* networking */ = {
			isa = PBXGroup;
			children = (
				9D5163681A6C5AAA00A076D8 /* RacerHandler.cpp */,
				9D5163691A6C5AAA00A076D8 /* RacerHandler.h */,
			);
			name = networking;
			sourceTree = "<group>";
		};
		9D7C58FE1A682525004C9870 = {
			isa = PBXGroup;
			children = (
				9D334A4E1A6EE86500B7BE4F /* Images.xcassets */,
				9D7C590A1A682525004C9870 /* RacingGame */,
				9D7C59091A682525004C9870 /* Products */,
			);
			sourceTree = "<group>";
		};
		9D7C59091A682525004C9870 /* Products */ = {
			isa = PBXGroup;
			children = (
				9D7C59081A682525004C9870 /* Openpad Racer.app */,
			);
			name = Products;
			sourceTree = "<group>";
		};
		9D7C590A1A682525004C9870 /* RacingGame */ = {
			isa = PBXGroup;
			children = (
				9D5163671A6C5A9100A076D8 /* networking */,
				9D8E2C351A6AF9760026D458 /* openpad */,
				9D19CE941A6994D900076019 /* car */,
				9D19CE8D1A6833EC00076019 /* generator */,
				9D19CE891A68319600076019 /* screens */,
				9D19CE881A6830D900076019 /* stdafx.h */,
				9D19CE811A68309100076019 /* engine */,
				9D7C59101A682525004C9870 /* main.cpp */,
				9D7C59121A682525004C9870 /* Resources */,
				9D7C590B1A682525004C9870 /* Supporting Files */,
			);
			path = RacingGame;
			sourceTree = "<group>";
		};
		9D7C590B1A682525004C9870 /* Supporting Files */ = {
			isa = PBXGroup;
			children = (
				9D7C590D1A682525004C9870 /* ResourcePath.mm */,
				9D7C590F1A682525004C9870 /* ResourcePath.hpp */,
				9D7C590C1A682525004C9870 /* Openpad Racer-Info.plist */,
				9D5163641A6C39F400A076D8 /* constants.cpp */,
				9D5163651A6C39F400A076D8 /* constants.h */,
			);
			name = "Supporting Files";
			sourceTree = "<group>";
		};
		9D7C59121A682525004C9870 /* Resources */ = {
			isa = PBXGroup;
			children = (
				9D334A4C1A6ED4BD00B7BE4F /* icon-small.png */,
				9D7C59171A682525004C9870 /* sansation.ttf */,
			);
			name = Resources;
			sourceTree = "<group>";
		};
		9D8E2C351A6AF9760026D458 /* openpad */ = {
			isa = PBXGroup;
			children = (
				9D8E2C511A6B00AF0026D458 /* libopenpad.a */,
				9D8E2C381A6AF9880026D458 /* include */,
			);
			name = openpad;
			sourceTree = "<group>";
		};
		9D8E2C381A6AF9880026D458 /* include */ = {
			isa = PBXGroup;
			children = (
				9D8E2C391A6AF9880026D458 /* assertions.h */,
				9D8E2C3A1A6AF9880026D458 /* autolink.h */,
				9D8E2C3B1A6AF9880026D458 /* config.h */,
				9D8E2C3C1A6AF9880026D458 /* features.h */,
				9D8E2C3D1A6AF9880026D458 /* forwards.h */,
				9D8E2C3E1A6AF9880026D458 /* json.h */,
				9D8E2C3F1A6AF9880026D458 /* openpad.h */,
				9D8E2C401A6AF9880026D458 /* PracticalSocket.h */,
				9D8E2C411A6AF9880026D458 /* reader.h */,
				9D8E2C421A6AF9880026D458 /* Request.h */,
				9D8E2C431A6AF9880026D458 /* Server.h */,
				9D8E2C441A6AF9880026D458 /* ServerHandler.h */,
				9D8E2C451A6AF9880026D458 /* Util.h */,
				9D8E2C461A6AF9880026D458 /* value.h */,
				9D8E2C471A6AF9880026D458 /* version.h */,
				9D8E2C481A6AF9880026D458 /* writer.h */,
			);
			path = include;
			sourceTree = "<group>";
		};
/* End PBXGroup section */

/* Begin PBXNativeTarget section */
		9D7C59071A682525004C9870 /* Openpad Racer */ = {
			isa = PBXNativeTarget;
			buildConfigurationList = 9D7C591D1A682525004C9870 /* Build configuration list for PBXNativeTarget "Openpad Racer" */;
			buildPhases = (
				9D7C59031A682525004C9870 /* Sources */,
				9D7C59041A682525004C9870 /* Frameworks */,
				9D7C59051A682525004C9870 /* Resources */,
				9D7C59061A682525004C9870 /* ShellScript */,
			);
			buildRules = (
			);
			dependencies = (
			);
			name = "Openpad Racer";
			productName = RacingGame;
			productReference = 9D7C59081A682525004C9870 /* Openpad Racer.app */;
			productType = "com.apple.product-type.application";
		};
/* End PBXNativeTarget section */

/* Begin PBXProject section */
		9D7C58FF1A682525004C9870 /* Project object */ = {
			isa = PBXProject;
			attributes = {
				LastUpgradeCheck = 0610;
				ORGANIZATIONNAME = "James Lennon";
				TargetAttributes = {
					9D7C59071A682525004C9870 = {
						CreatedOnToolsVersion = 6.1.1;
					};
				};
			};
			buildConfigurationList = 9D7C59021A682525004C9870 /* Build configuration list for PBXProject "Openpad Racer" */;
			compatibilityVersion = "Xcode 3.2";
			developmentRegion = English;
			hasScannedForEncodings = 0;
			knownRegions = (
				en,
			);
			mainGroup = 9D7C58FE1A682525004C9870;
			productRefGroup = 9D7C59091A682525004C9870 /* Products */;
			projectDirPath = "";
			projectRoot = "";
			targets = (
				9D7C59071A682525004C9870 /* Openpad Racer */,
			);
		};
/* End PBXProject section */

/* Begin PBXResourcesBuildPhase section */
		9D7C59051A682525004C9870 /* Resources */ = {
			isa = PBXResourcesBuildPhase;
			buildActionMask = 2147483647;
			files = (
				9D334A4F1A6EE86500B7BE4F /* Images.xcassets in Resources */,
				9D7C59181A682525004C9870 /* sansation.ttf in Resources */,
				9D334A4D1A6ED4BD00B7BE4F /* icon-small.png in Resources */,
			);
			runOnlyForDeploymentPostprocessing = 0;
		};
/* End PBXResourcesBuildPhase section */

/* Begin PBXShellScriptBuildPhase section */
		9D7C59061A682525004C9870 /* ShellScript */ = {
			isa = PBXShellScriptBuildPhase;
			buildActionMask = 2147483647;
			files = (
			);
			inputPaths = (
			);
			outputPaths = (
			);
			runOnlyForDeploymentPostprocessing = 0;
			shellPath = /bin/sh;
			shellScript = "# This shell script simply copies required sfml dylibs/frameworks into the application bundle frameworks folder.\n# If you're using static libraries (which is not recommended) you should remove this script from your project.\n\n# Are we building a project that uses framework or dylibs ?\ncase \"$SFML_BINARY_TYPE\" in\n    DYLIBS)\n        frameworks=\"false\"\n        ;;\n    *)\n        frameworks=\"true\"\n        ;;\nesac\n\n# Echoes to stderr\nerror () # $* message to display\n{\n    echo $* 1>&2\n    exit 2\n}\n\nassert () # $1 is a boolean, $2...N is an error message\n{\n    if [ $# -lt 2 ]\n    then\n        error \"Internal error in assert : not enough args\"\n    fi\n\n    if [ $1 -ne 0 ]\n    then\n        shift\n        error \"$*\"\n    fi\n}\n\nforce_remove () # $1 is a path\n{\n    test $# -eq 1\n    assert $? \"force_remove() requires one parameter\"\n    rm -fr \"$1\"\n    assert $? \"couldn't remove $1\"\n}\n\ncopy () # $1 is a source, $2 is a destination\n{\n    test $# -eq 2\n    assert $? \"copy() requires two parameters\"\n    ditto \"$1\" \"$2\"\n    assert $? \"couldn't copy $1 to $2\"\n}\n\nrequire () # $1 is a SFML module like 'system' or 'audio'\n{\n    dest=\"$BUILT_PRODUCTS_DIR/$PRODUCT_NAME.app/Contents/Frameworks\"\n\n    if [ -z \"$1\" ]\n    then\n        error \"require() requires one parameter!\"\n    else\n        # clean potentially old stuff\n        force_remove \"$dest/libsfml-$1.2.dylib\"\n        force_remove \"$dest/libsfml-$1-d.2.dylib\"\n        force_remove \"$dest/sfml-$1.framework\"\n\n        # copy SFML libraries\n        if [ \"$frameworks\" = \"true\" ]\n        then\n            copy \"/Library/Frameworks/sfml-$1.framework\" \"$dest/sfml-$1.framework\"\n        elif [ \"$SFML_LINK_DYLIBS_SUFFIX\" = \"-d\" ]\n        then\n            copy \"/usr/local/lib/libsfml-$1-d.2.dylib\" \"$dest/libsfml-$1-d.2.dylib\"\n        else\n            copy \"/usr/local/lib/libsfml-$1.2.dylib\" \"$dest/libsfml-$1.2.dylib\"\n        fi\n\n        if [ \"$1\" = \"audio\" ]\n        then\n            # copy sndfile framework too\n            copy \"/Library/Frameworks/sndfile.framework\" \"$dest/sndfile.framework\"\n        fi\n\n        if [ \"$1\" = \"graphics\" ]\n        then\n            # copy freetype framework too\n            copy \"/Library/Frameworks/freetype.framework\" \"$dest/freetype.framework\"\n        fi\n    fi\n}\n\nif [ -n \"$SFML_SYSTEM\" ]\nthen\n    require \"system\"\nfi\n\nif [ -n \"$SFML_AUDIO\" ]\nthen\n    require \"audio\"\nfi\n\nif [ -n \"$SFML_NETWORK\" ]\nthen\n    require \"network\"\nfi\n\nif [ -n \"$SFML_WINDOW\" ]\nthen\n    require \"window\"\nfi\n\nif [ -n \"$SFML_GRAPHICS\" ]\nthen\n    require \"graphics\"\nfi\n\n                ";
		};
/* End PBXShellScriptBuildPhase section */

/* Begin PBXSourcesBuildPhase section */
		9D7C59031A682525004C9870 /* Sources */ = {
			isa = PBXSourcesBuildPhase;
			buildActionMask = 2147483647;
			files = (
				9DAE134C1A7176E3005020B1 /* FinishedScreen.cpp in Sources */,
				9D19CE871A6830A200076019 /* GameObject.cpp in Sources */,
				9D19CE8C1A6831A900076019 /* TrackScreen.cpp in Sources */,
				9D19CE861A6830A200076019 /* Game.cpp in Sources */,
				9D5163661A6C39F400A076D8 /* constants.cpp in Sources */,
				9D334A521A6EEED600B7BE4F /* LoadingScreen.cpp in Sources */,
				9D7C59111A682525004C9870 /* main.cpp in Sources */,
				9D5163601A6B5E8D00A076D8 /* VisualizerScreen.cpp in Sources */,
				9D51635D1A6B5CE900A076D8 /* MenuScreen.cpp in Sources */,
				9D7C590E1A682525004C9870 /* ResourcePath.mm in Sources */,
				9D51636A1A6C5AAA00A076D8 /* RacerHandler.cpp in Sources */,
				9D19CE971A6994E600076019 /* car.cpp in Sources */,
				9D5163631A6C1DFC00A076D8 /* generator.cpp in Sources */,
			);
			runOnlyForDeploymentPostprocessing = 0;
		};
/* End PBXSourcesBuildPhase section */

/* Begin XCBuildConfiguration section */
		9D7C591B1A682525004C9870 /* Debug */ = {
			isa = XCBuildConfiguration;
			buildSettings = {
				ARCHS = "$(ARCHS_STANDARD_32_64_BIT)";
				CLANG_CXX_LANGUAGE_STANDARD = "c++0x";
				CLANG_CXX_LIBRARY = "libc++";
				CLANG_WARN_EMPTY_BODY = YES;
				CLANG_WARN__DUPLICATE_METHOD_MATCH = YES;
				FRAMEWORK_SEARCH_PATHS = (
					/Library/Frameworks/,
					"$(inherited)",
				);
				GCC_OPTIMIZATION_LEVEL = 0;
				GCC_PREPROCESSOR_DEFINITIONS = (
					"DEBUG=1",
					"$(inherited)",
				);
				GCC_VERSION = com.apple.compilers.llvm.clang.1_0;
				GCC_WARN_ABOUT_RETURN_TYPE = YES;
				GCC_WARN_UNINITIALIZED_AUTOS = YES;
				GCC_WARN_UNUSED_VARIABLE = YES;
				HEADER_SEARCH_PATHS = (
					/usr/local/include/,
					"$(inherited)",
				);
				LIBRARY_SEARCH_PATHS = (
					/usr/local/lib/,
					"$(inherited)",
				);
				ONLY_ACTIVE_ARCH = NO;
				OTHER_LDFLAGS = (
					"$(inherited)",
					"$(SFML_SYSTEM)",
					"$(SFML_WINDOW)",
					"$(SFML_GRAPHICS)",
					"$(SFML_AUDIO)",
					"$(SFML_NETWORK)",
				);
				SFML_AUDIO = "$(SFML_LINK_PREFIX) sfml-audio$(SFML_LINK_SUFFIX)";
				SFML_BINARY_TYPE = FRAMEWORKS;
				SFML_GRAPHICS = "$(SFML_LINK_PREFIX) sfml-graphics$(SFML_LINK_SUFFIX)";
				SFML_LINK_DYLIBS_PREFIX = "-l";
				SFML_LINK_DYLIBS_SUFFIX = "";
				SFML_LINK_FRAMEWORKS_PREFIX = "-framework";
				SFML_LINK_FRAMEWORKS_SUFFIX = "";
				SFML_LINK_PREFIX = "$(SFML_LINK_$(SFML_BINARY_TYPE)_PREFIX)";
				SFML_LINK_SUFFIX = "$(SFML_LINK_$(SFML_BINARY_TYPE)_SUFFIX)";
				SFML_NETWORK = "$(SFML_LINK_PREFIX) sfml-network$(SFML_LINK_SUFFIX)";
				SFML_SYSTEM = "$(SFML_LINK_PREFIX) sfml-system$(SFML_LINK_SUFFIX)";
				SFML_WINDOW = "$(SFML_LINK_PREFIX) sfml-window$(SFML_LINK_SUFFIX)";
				SUPPORTED_PLATFORMS = macosx;
			};
			name = Debug;
		};
		9D7C591C1A682525004C9870 /* Release */ = {
			isa = XCBuildConfiguration;
			buildSettings = {
				ARCHS = "$(ARCHS_STANDARD_32_64_BIT)";
				CLANG_CXX_LANGUAGE_STANDARD = "c++0x";
				CLANG_CXX_LIBRARY = "libc++";
				CLANG_WARN_EMPTY_BODY = YES;
				CLANG_WARN__DUPLICATE_METHOD_MATCH = YES;
				COPY_PHASE_STRIP = YES;
				FRAMEWORK_SEARCH_PATHS = (
					/Library/Frameworks/,
					"$(inherited)",
				);
				GCC_VERSION = com.apple.compilers.llvm.clang.1_0;
				GCC_WARN_ABOUT_RETURN_TYPE = YES;
				GCC_WARN_UNINITIALIZED_AUTOS = YES;
				GCC_WARN_UNUSED_VARIABLE = YES;
				HEADER_SEARCH_PATHS = (
					/usr/local/include/,
					"$(inherited)",
				);
				LIBRARY_SEARCH_PATHS = (
					/usr/local/lib/,
					"$(inherited)",
				);
				ONLY_ACTIVE_ARCH = NO;
				OTHER_LDFLAGS = (
					"$(inherited)",
					"$(SFML_SYSTEM)",
					"$(SFML_WINDOW)",
					"$(SFML_GRAPHICS)",
					"$(SFML_AUDIO)",
					"$(SFML_NETWORK)",
				);
				SFML_AUDIO = "$(SFML_LINK_PREFIX) sfml-audio$(SFML_LINK_SUFFIX)";
				SFML_BINARY_TYPE = FRAMEWORKS;
				SFML_GRAPHICS = "$(SFML_LINK_PREFIX) sfml-graphics$(SFML_LINK_SUFFIX)";
				SFML_LINK_DYLIBS_PREFIX = "-l";
				SFML_LINK_DYLIBS_SUFFIX = "";
				SFML_LINK_FRAMEWORKS_PREFIX = "-framework";
				SFML_LINK_FRAMEWORKS_SUFFIX = "";
				SFML_LINK_PREFIX = "$(SFML_LINK_$(SFML_BINARY_TYPE)_PREFIX)";
				SFML_LINK_SUFFIX = "$(SFML_LINK_$(SFML_BINARY_TYPE)_SUFFIX)";
				SFML_NETWORK = "$(SFML_LINK_PREFIX) sfml-network$(SFML_LINK_SUFFIX)";
				SFML_SYSTEM = "$(SFML_LINK_PREFIX) sfml-system$(SFML_LINK_SUFFIX)";
				SFML_WINDOW = "$(SFML_LINK_PREFIX) sfml-window$(SFML_LINK_SUFFIX)";
				SUPPORTED_PLATFORMS = macosx;
			};
			name = Release;
		};
		9D7C591E1A682525004C9870 /* Debug */ = {
			isa = XCBuildConfiguration;
			buildSettings = {
				ARCHS = "$(ARCHS_STANDARD)";
				ASSETCATALOG_COMPILER_APPICON_NAME = AppIcon;
				INFOPLIST_FILE = "RacingGame/Openpad Racer-Info.plist";
				LIBRARY_SEARCH_PATHS = (
					"$(inherited)",
					"$(PROJECT_DIR)/RacingGame",
				);
				PRODUCT_NAME = "Openpad Racer";
			};
			name = Debug;
		};
		9D7C591F1A682525004C9870 /* Release */ = {
			isa = XCBuildConfiguration;
			buildSettings = {
				ARCHS = "$(ARCHS_STANDARD)";
				ASSETCATALOG_COMPILER_APPICON_NAME = AppIcon;
				INFOPLIST_FILE = "RacingGame/Openpad Racer-Info.plist";
				LIBRARY_SEARCH_PATHS = (
					"$(inherited)",
					"$(PROJECT_DIR)/RacingGame",
				);
				PRODUCT_NAME = "Openpad Racer";
			};
			name = Release;
		};
/* End XCBuildConfiguration section */

/* Begin XCConfigurationList section */
		9D7C59021A682525004C9870 /* Build configuration list for PBXProject "Openpad Racer" */ = {
			isa = XCConfigurationList;
			buildConfigurations = (
				9D7C591B1A682525004C9870 /* Debug */,
				9D7C591C1A682525004C9870 /* Release */,
			);
			defaultConfigurationIsVisible = 0;
			defaultConfigurationName = Release;
		};
		9D7C591D1A682525004C9870 /* Build configuration list for PBXNativeTarget "Openpad Racer" */ = {
			isa = XCConfigurationList;
			buildConfigurations = (
				9D7C591E1A682525004C9870 /* Debug */,
				9D7C591F1A682525004C9870 /* Release */,
			);
			defaultConfigurationIsVisible = 0;
			defaultConfigurationName = Release;
		};
/* End XCConfigurationList section */
	};
	rootObject = 9D7C58FF1A682525004C9870 /* Project object */;
}
